
Microsoft Visual Studio Solution File, Format Version 12.00
# Visual Studio Version 17
VisualStudioVersion = 17.11.35222.181
MinimumVisualStudioVersion = 10.0.40219.1
Project("{9A19103F-16F7-4668-BE54-9A1E7A4F7556}") = "LibraryAPI", "LibraryAPI\LibraryAPI.csproj", "{46B520BD-321F-4F13-821D-F4C7EA679C0A}"
EndProject
Project("{9A19103F-16F7-4668-BE54-9A1E7A4F7556}") = "LibraryData", "LibraryData\LibraryData.csproj", "{4DF591E4-CE47-48CC-870C-BF4F3D0B5819}"
EndProject
Project("{9A19103F-16F7-4668-BE54-9A1E7A4F7556}") = "LibraryView", "LibraryView\LibraryView.csproj", "{FDF4F09D-332D-4C56-8EB5-CDCAEFF53EE5}"
EndProject
Project("{9A19103F-16F7-4668-BE54-9A1E7A4F7556}") = "LibraryBlazorWasm", "LibraryBlazorWasm\LibraryBlazorWasm.csproj", "{B3A144F7-4300-4B10-8135-62B1C346F915}"
EndProject
Project("{FAE04EC0-301F-11D3-BF4B-00C04F79EFBC}") = "LibraryBlazorWasmAdmin", "LibraryBlazorWasmAdmin\LibraryBlazorWasmAdmin.csproj", "{0CD3B208-C3A8-4DF0-96F2-4D207144708A}"
EndProject
Global
	GlobalSection(SolutionConfigurationPlatforms) = preSolution
		Debug|Any CPU = Debug|Any CPU
		Release|Any CPU = Release|Any CPU
	EndGlobalSection
	GlobalSection(ProjectConfigurationPlatforms) = postSolution
		{46B520BD-321F-4F13-821D-F4C7EA679C0A}.Debug|Any CPU.ActiveCfg = Debug|Any CPU
		{46B520BD-321F-4F13-821D-F4C7EA679C0A}.Debug|Any CPU.Build.0 = Debug|Any CPU
		{46B520BD-321F-4F13-821D-F4C7EA679C0A}.Release|Any CPU.ActiveCfg = Release|Any CPU
		{46B520BD-321F-4F13-821D-F4C7EA679C0A}.Release|Any CPU.Build.0 = Release|Any CPU
		{4DF591E4-CE47-48CC-870C-BF4F3D0B5819}.Debug|Any CPU.ActiveCfg = Debug|Any CPU
		{4DF591E4-CE47-48CC-870C-BF4F3D0B5819}.Debug|Any CPU.Build.0 = Debug|Any CPU
		{4DF591E4-CE47-48CC-870C-BF4F3D0B5819}.Release|Any CPU.ActiveCfg = Release|Any CPU
		{4DF591E4-CE47-48CC-870C-BF4F3D0B5819}.Release|Any CPU.Build.0 = Release|Any CPU
		{FDF4F09D-332D-4C56-8EB5-CDCAEFF53EE5}.Debug|Any CPU.ActiveCfg = Debug|Any CPU
		{FDF4F09D-332D-4C56-8EB5-CDCAEFF53EE5}.Debug|Any CPU.Build.0 = Debug|Any CPU
		{FDF4F09D-332D-4C56-8EB5-CDCAEFF53EE5}.Release|Any CPU.ActiveCfg = Release|Any CPU
		{FDF4F09D-332D-4C56-8EB5-CDCAEFF53EE5}.Release|Any CPU.Build.0 = Release|Any CPU
		{B3A144F7-4300-4B10-8135-62B1C346F915}.Debug|Any CPU.ActiveCfg = Debug|Any CPU
		{B3A144F7-4300-4B10-8135-62B1C346F915}.Debug|Any CPU.Build.0 = Debug|Any CPU
		{B3A144F7-4300-4B10-8135-62B1C346F915}.Release|Any CPU.ActiveCfg = Release|Any CPU
		{B3A144F7-4300-4B10-8135-62B1C346F915}.Release|Any CPU.Build.0 = Release|Any CPU
		{0CD3B208-C3A8-4DF0-96F2-4D207144708A}.Debug|Any CPU.ActiveCfg = Debug|Any CPU
		{0CD3B208-C3A8-4DF0-96F2-4D207144708A}.Debug|Any CPU.Build.0 = Debug|Any CPU
		{0CD3B208-C3A8-4DF0-96F2-4D207144708A}.Release|Any CPU.ActiveCfg = Release|Any CPU
		{0CD3B208-C3A8-4DF0-96F2-4D207144708A}.Release|Any CPU.Build.0 = Release|Any CPU
	EndGlobalSection
	GlobalSection(SolutionProperties) = preSolution
		HideSolutionNode = FALSE
	EndGlobalSection
	GlobalSection(ExtensibilityGlobals) = postSolution
		SolutionGuid = {3F807889-1C5E-4FCA-8779-E756AAF53C50}
	EndGlobalSection
EndGlobal
